<?xml version="1.0" encoding="utf-8"?>
<Project ToolsVersion="4.0" xmlns="http://schemas.microsoft.com/developer/msbuild/2003">
  <ItemGroup>
    <Filter Include="Source Files">
      <UniqueIdentifier>{4FC737F1-C7A5-4376-A066-2A32D752A2FF}</UniqueIdentifier>
      <Extensions>cpp;c;cc;cxx;def;odl;idl;hpj;bat;asm;asmx</Extensions>
    </Filter>
    <Filter Include="Header Files">
      <UniqueIdentifier>{93995380-89BD-4b04-88EB-625FBE52EBFB}</UniqueIdentifier>
      <Extensions>h;hpp;hxx;hm;inl;inc;xsd</Extensions>
    </Filter>
    <Filter Include="Resource Files">
      <UniqueIdentifier>{67DA6AB6-F800-4c08-8B7A-83BB121AAD01}</UniqueIdentifier>
      <Extensions>rc;ico;cur;bmp;dlg;rc2;rct;bin;rgs;gif;jpg;jpeg;jpe;resx;tiff;tif;png;wav</Extensions>
    </Filter>
  </ItemGroup>
  <ItemGroup>
    <ClCompile Include="Menus.cpp">
      <Filter>Source Files</Filter>
    </ClCompile>
  </ItemGroup>
  <ItemGroup>
    <ClInclude Include="Bacon.hpp">
      <Filter>Header Files</Filter>
    </ClInclude>
    <ClInclude Include="Bagel.hpp">
      <Filter>Header Files</Filter>
    </ClInclude>
    <ClInclude Include="Beef.hpp">
      <Filter>Header Files</Filter>
    </ClInclude>
    <ClInclude Include="BlueBerries.hpp">
      <Filter>Header Files</Filter>
    </ClInclude>
    <ClInclude Include="Bread.hpp">
      <Filter>Header Files</Filter>
    </ClInclude>
    <ClInclude Include="Butter.hpp">
      <Filter>Header Files</Filter>
    </ClInclude>
    <ClInclude Include="Cheese.hpp">
      <Filter>Header Files</Filter>
    </ClInclude>
    <ClInclude Include="Chicken.hpp">
      <Filter>Header Files</Filter>
    </ClInclude>
    <ClInclude Include="Egg.hpp">
      <Filter>Header Files</Filter>
    </ClInclude>
    <ClInclude Include="Fish.hpp">
      <Filter>Header Files</Filter>
    </ClInclude>
    <ClInclude Include="Fried.hpp">
      <Filter>Header Files</Filter>
    </ClInclude>
    <ClInclude Include="HotDog.hpp">
      <Filter>Header Files</Filter>
    </ClInclude>
    <ClInclude Include="Ingredient.hpp">
      <Filter>Header Files</Filter>
    </ClInclude>
    <ClInclude Include="IngredientDecorator.hpp">
      <Filter>Header Files</Filter>
    </ClInclude>
    <ClInclude Include="Lettus.hpp">
      <Filter>Header Files</Filter>
    </ClInclude>
    <ClInclude Include="Mayonnaise.hpp">
      <Filter>Header Files</Filter>
    </ClInclude>
    <ClInclude Include="Menu.hpp">
      <Filter>Header Files</Filter>
    </ClInclude>
    <ClInclude Include="MenuComponent.hpp">
      <Filter>Header Files</Filter>
    </ClInclude>
    <ClInclude Include="MenuItem.hpp">
      <Filter>Header Files</Filter>
    </ClInclude>
    <ClInclude Include="Menus.hpp">
      <Filter>Header Files</Filter>
    </ClInclude>
    <ClInclude Include="Milk.hpp">
      <Filter>Header Files</Filter>
    </ClInclude>
    <ClInclude Include="MixedVegetables.hpp">
      <Filter>Header Files</Filter>
    </ClInclude>
    <ClInclude Include="Oil.hpp">
      <Filter>Header Files</Filter>
    </ClInclude>
    <ClInclude Include="Pancake.hpp">
      <Filter>Header Files</Filter>
    </ClInclude>
    <ClInclude Include="Pasta.hpp">
      <Filter>Header Files</Filter>
    </ClInclude>
    <ClInclude Include="Potato.hpp">
      <Filter>Header Files</Filter>
    </ClInclude>
    <ClInclude Include="Rice.hpp">
      <Filter>Header Files</Filter>
    </ClInclude>
    <ClInclude Include="Salad.hpp">
      <Filter>Header Files</Filter>
    </ClInclude>
    <ClInclude Include="Sauerkraut.hpp">
      <Filter>Header Files</Filter>
    </ClInclude>
    <ClInclude Include="Sausage.hpp">
      <Filter>Header Files</Filter>
    </ClInclude>
    <ClInclude Include="Scrambled.hpp">
      <Filter>Header Files</Filter>
    </ClInclude>
    <ClInclude Include="Soup.hpp">
      <Filter>Header Files</Filter>
    </ClInclude>
    <ClInclude Include="Steamed.hpp">
      <Filter>Header Files</Filter>
    </ClInclude>
    <ClInclude Include="Stock.hpp">
      <Filter>Header Files</Filter>
    </ClInclude>
    <ClInclude Include="Substitute.hpp">
      <Filter>Header Files</Filter>
    </ClInclude>
    <ClInclude Include="Toast.hpp">
      <Filter>Header Files</Filter>
    </ClInclude>
    <ClInclude Include="Tomato.hpp">
      <Filter>Header Files</Filter>
    </ClInclude>
    <ClInclude Include="Visitor.hpp">
      <Filter>Header Files</Filter>
    </ClInclude>
    <ClInclude Include="Waitress.hpp">
      <Filter>Header Files</Filter>
    </ClInclude>
  </ItemGroup>
  <ItemGroup>
    <Text Include="Readme.txt" />
  </ItemGroup>
</Project>